
Microsoft Visual Studio Solution File, Format Version 12.00
# Visual Studio Version 16
VisualStudioVersion = 16.0.30611.23
MinimumVisualStudioVersion = 10.0.40219.1
Project("{FAE04EC0-301F-11D3-BF4B-00C04F79EFBC}") = "dotNet5781_00_3652_2455", "dotNet5781_00_3652_2455\dotNet5781_00_3652_2455.csproj", "{BA01E735-A8D2-4CB4-8B03-F24AB421DAAF}"
EndProject
Project("{FAE04EC0-301F-11D3-BF4B-00C04F79EFBC}") = "dotNet5781_01_3652_2455", "dotNet5781_01_3652_2455\dotNet5781_01_3652_2455.csproj", "{4F09716E-2F77-45D1-A4D5-124D26CE81B8}"
EndProject
Project("{FAE04EC0-301F-11D3-BF4B-00C04F79EFBC}") = "dotNet5781_02_3652_2455", "dotNet5781_02_3652_2455\dotNet5781_02_3652_2455.csproj", "{4F869B65-129C-4FAF-84C7-BA37D11EE2F4}"
EndProject
Project("{FAE04EC0-301F-11D3-BF4B-00C04F79EFBC}") = "dotNet5781_03A_3652_2455", "dotNet5781_03A_3652_2455\dotNet5781_03A_3652_2455.csproj", "{F5E9E614-E78D-40A7-BF1D-A1EDCEF58251}"
EndProject
Project("{FAE04EC0-301F-11D3-BF4B-00C04F79EFBC}") = "dotNet5781_03B_3652_2455", "dotNet5781_03B_3652_2455\dotNet5781_03B_3652_2455.csproj", "{A185F427-F704-4651-A090-41FCFEC891A2}"
EndProject
Global
	GlobalSection(SolutionConfigurationPlatforms) = preSolution
		Debug|Any CPU = Debug|Any CPU
		Release|Any CPU = Release|Any CPU
	EndGlobalSection
	GlobalSection(ProjectConfigurationPlatforms) = postSolution
		{BA01E735-A8D2-4CB4-8B03-F24AB421DAAF}.Debug|Any CPU.ActiveCfg = Debug|Any CPU
		{BA01E735-A8D2-4CB4-8B03-F24AB421DAAF}.Debug|Any CPU.Build.0 = Debug|Any CPU
		{BA01E735-A8D2-4CB4-8B03-F24AB421DAAF}.Release|Any CPU.ActiveCfg = Release|Any CPU
		{BA01E735-A8D2-4CB4-8B03-F24AB421DAAF}.Release|Any CPU.Build.0 = Release|Any CPU
		{4F09716E-2F77-45D1-A4D5-124D26CE81B8}.Debug|Any CPU.ActiveCfg = Debug|Any CPU
		{4F09716E-2F77-45D1-A4D5-124D26CE81B8}.Debug|Any CPU.Build.0 = Debug|Any CPU
		{4F09716E-2F77-45D1-A4D5-124D26CE81B8}.Release|Any CPU.ActiveCfg = Release|Any CPU
		{4F09716E-2F77-45D1-A4D5-124D26CE81B8}.Release|Any CPU.Build.0 = Release|Any CPU
		{4F869B65-129C-4FAF-84C7-BA37D11EE2F4}.Debug|Any CPU.ActiveCfg = Debug|Any CPU
		{4F869B65-129C-4FAF-84C7-BA37D11EE2F4}.Debug|Any CPU.Build.0 = Debug|Any CPU
		{4F869B65-129C-4FAF-84C7-BA37D11EE2F4}.Release|Any CPU.ActiveCfg = Release|Any CPU
		{4F869B65-129C-4FAF-84C7-BA37D11EE2F4}.Release|Any CPU.Build.0 = Release|Any CPU
		{F5E9E614-E78D-40A7-BF1D-A1EDCEF58251}.Debug|Any CPU.ActiveCfg = Debug|Any CPU
		{F5E9E614-E78D-40A7-BF1D-A1EDCEF58251}.Debug|Any CPU.Build.0 = Debug|Any CPU
		{F5E9E614-E78D-40A7-BF1D-A1EDCEF58251}.Release|Any CPU.ActiveCfg = Release|Any CPU
		{F5E9E614-E78D-40A7-BF1D-A1EDCEF58251}.Release|Any CPU.Build.0 = Release|Any CPU
		{A185F427-F704-4651-A090-41FCFEC891A2}.Debug|Any CPU.ActiveCfg = Debug|Any CPU
		{A185F427-F704-4651-A090-41FCFEC891A2}.Debug|Any CPU.Build.0 = Debug|Any CPU
		{A185F427-F704-4651-A090-41FCFEC891A2}.Release|Any CPU.ActiveCfg = Release|Any CPU
		{A185F427-F704-4651-A090-41FCFEC891A2}.Release|Any CPU.Build.0 = Release|Any CPU
	EndGlobalSection
	GlobalSection(SolutionProperties) = preSolution
		HideSolutionNode = FALSE
	EndGlobalSection
	GlobalSection(ExtensibilityGlobals) = postSolution
		SolutionGuid = {C6D0FEAD-40ED-49FA-9B5D-6BF121B49917}
	EndGlobalSection
EndGlobal
